
Microsoft Visual Studio Solution File, Format Version 12.00
# Visual Studio Version 16
VisualStudioVersion = 16.0.30907.101
MinimumVisualStudioVersion = 10.0.40219.1
Project("{FAE04EC0-301F-11D3-BF4B-00C04F79EFBC}") = "EmployeeManagement", "EmployeeManagement\EmployeeManagement.csproj", "{86B2FBFE-C266-44CF-8D6C-A1FB83268F56}"
EndProject
Global
	GlobalSection(SolutionConfigurationPlatforms) = preSolution
		Debug|Any CPU = Debug|Any CPU
		Release|Any CPU = Release|Any CPU
	EndGlobalSection
	GlobalSection(ProjectConfigurationPlatforms) = postSolution
		{86B2FBFE-C266-44CF-8D6C-A1FB83268F56}.Debug|Any CPU.ActiveCfg = Debug|Any CPU
		{86B2FBFE-C266-44CF-8D6C-A1FB83268F56}.Debug|Any CPU.Build.0 = Debug|Any CPU
		{86B2FBFE-C266-44CF-8D6C-A1FB83268F56}.Release|Any CPU.ActiveCfg = Release|Any CPU
		{86B2FBFE-C266-44CF-8D6C-A1FB83268F56}.Release|Any CPU.Build.0 = Release|Any CPU
	EndGlobalSection
	GlobalSection(SolutionProperties) = preSolution
		HideSolutionNode = FALSE
	EndGlobalSection
	GlobalSection(ExtensibilityGlobals) = postSolution
		SolutionGuid = {5D1504AE-40F1-4719-BF57-85C84E7F48DA}
	EndGlobalSection
EndGlobal
